
Microsoft Visual Studio Solution File, Format Version 12.00
# Visual Studio Version 17
VisualStudioVersion = 17.7.34009.444
MinimumVisualStudioVersion = 10.0.40219.1
Project("{FAE04EC0-301F-11D3-BF4B-00C04F79EFBC}") = "SISTEMA_IMPRESION", "SISTEMA_IMPRESION\SISTEMA_IMPRESION.csproj", "{34436B20-732D-4A8B-BF6C-EAF3D410CEEE}"
EndProject
Global
	GlobalSection(SolutionConfigurationPlatforms) = preSolution
		Debug|Any CPU = Debug|Any CPU
		Release|Any CPU = Release|Any CPU
	EndGlobalSection
	GlobalSection(ProjectConfigurationPlatforms) = postSolution
		{34436B20-732D-4A8B-BF6C-EAF3D410CEEE}.Debug|Any CPU.ActiveCfg = Debug|Any CPU
		{34436B20-732D-4A8B-BF6C-EAF3D410CEEE}.Debug|Any CPU.Build.0 = Debug|Any CPU
		{34436B20-732D-4A8B-BF6C-EAF3D410CEEE}.Release|Any CPU.ActiveCfg = Release|Any CPU
		{34436B20-732D-4A8B-BF6C-EAF3D410CEEE}.Release|Any CPU.Build.0 = Release|Any CPU
	EndGlobalSection
	GlobalSection(SolutionProperties) = preSolution
		HideSolutionNode = FALSE
	EndGlobalSection
	GlobalSection(ExtensibilityGlobals) = postSolution
		SolutionGuid = {45978B4D-4512-4487-852C-26A2A03F348A}
	EndGlobalSection
EndGlobal
